
Microsoft Visual Studio Solution File, Format Version 12.00
# Visual Studio Version 16
VisualStudioVersion = 16.0.29306.81
MinimumVisualStudioVersion = 10.0.40219.1
Project("{FAE04EC0-301F-11D3-BF4B-00C04F79EFBC}") = "Test", "Test\Test.csproj", "{EBEED3D8-9CC8-482D-A068-2CE1F756A419}"
EndProject
Global
	GlobalSection(SolutionConfigurationPlatforms) = preSolution
		Debug|Any CPU = Debug|Any CPU
		Release|Any CPU = Release|Any CPU
	EndGlobalSection
	GlobalSection(ProjectConfigurationPlatforms) = postSolution
		{EBEED3D8-9CC8-482D-A068-2CE1F756A419}.Debug|Any CPU.ActiveCfg = Debug|Any CPU
		{EBEED3D8-9CC8-482D-A068-2CE1F756A419}.Debug|Any CPU.Build.0 = Debug|Any CPU
		{EBEED3D8-9CC8-482D-A068-2CE1F756A419}.Release|Any CPU.ActiveCfg = Release|Any CPU
		{EBEED3D8-9CC8-482D-A068-2CE1F756A419}.Release|Any CPU.Build.0 = Release|Any CPU
	EndGlobalSection
	GlobalSection(SolutionProperties) = preSolution
		HideSolutionNode = FALSE
	EndGlobalSection
	GlobalSection(ExtensibilityGlobals) = postSolution
		SolutionGuid = {73A01888-0AE1-46E1-974A-34350B50AD31}
	EndGlobalSection
EndGlobal
